// !$*UTF8*$!
{
	archiveVersion = 1;
	classes = {
	};
	objectVersion = 55;
	objects = {

/* Begin PBXBuildFile section */
		EB0AF60F274BD436007C7EC0 /* Tests_iOS.swift in Sources */ = {isa = PBXBuildFile; fileRef = EB0AF60E274BD436007C7EC0 /* Tests_iOS.swift */; };
		EB0AF611274BD436007C7EC0 /* Tests_iOSLaunchTests.swift in Sources */ = {isa = PBXBuildFile; fileRef = EB0AF610274BD436007C7EC0 /* Tests_iOSLaunchTests.swift */; };
		EB0AF61B274BD436007C7EC0 /* Tests_macOS.swift in Sources */ = {isa = PBXBuildFile; fileRef = EB0AF61A274BD436007C7EC0 /* Tests_macOS.swift */; };
		EB0AF61D274BD436007C7EC0 /* Tests_macOSLaunchTests.swift in Sources */ = {isa = PBXBuildFile; fileRef = EB0AF61C274BD436007C7EC0 /* Tests_macOSLaunchTests.swift */; };
		EB0AF61E274BD436007C7EC0 /* ios_appApp.swift in Sources */ = {isa = PBXBuildFile; fileRef = EB0AF5F6274BD434007C7EC0 /* ios_appApp.swift */; };
		EB0AF61F274BD436007C7EC0 /* ios_appApp.swift in Sources */ = {isa = PBXBuildFile; fileRef = EB0AF5F6274BD434007C7EC0 /* ios_appApp.swift */; };
		EB0AF620274BD436007C7EC0 /* ContentView.swift in Sources */ = {isa = PBXBuildFile; fileRef = EB0AF5F7274BD434007C7EC0 /* ContentView.swift */; };
		EB0AF621274BD436007C7EC0 /* ContentView.swift in Sources */ = {isa = PBXBuildFile; fileRef = EB0AF5F7274BD434007C7EC0 /* ContentView.swift */; };
		EB0AF622274BD436007C7EC0 /* Assets.xcassets in Resources */ = {isa = PBXBuildFile; fileRef = EB0AF5F8274BD435007C7EC0 /* Assets.xcassets */; };
		EB0AF623274BD436007C7EC0 /* Assets.xcassets in Resources */ = {isa = PBXBuildFile; fileRef = EB0AF5F8274BD435007C7EC0 /* Assets.xcassets */; };
/* End PBXBuildFile section */

/* Begin PBXContainerItemProxy section */
		EB0AF60B274BD436007C7EC0 /* PBXContainerItemProxy */ = {
			isa = PBXContainerItemProxy;
			containerPortal = EB0AF5F1274BD433007C7EC0 /* Project object */;
			proxyType = 1;
			remoteGlobalIDString = EB0AF5FC274BD436007C7EC0;
			remoteInfo = "ios_app (iOS)";
		};
		EB0AF617274BD436007C7EC0 /* PBXContainerItemProxy */ = {
			isa = PBXContainerItemProxy;
			containerPortal = EB0AF5F1274BD433007C7EC0 /* Project object */;
			proxyType = 1;
			remoteGlobalIDString = EB0AF602274BD436007C7EC0;
			remoteInfo = "ios_app (macOS)";
		};
/* End PBXContainerItemProxy section */

/* Begin PBXFileReference section */
		EB0AF5F6274BD434007C7EC0 /* ios_appApp.swift */ = {isa = PBXFileReference; lastKnownFileType = sourcecode.swift; path = ios_appApp.swift; sourceTree = "<group>"; };
		EB0AF5F7274BD434007C7EC0 /* ContentView.swift */ = {isa = PBXFileReference; lastKnownFileType = sourcecode.swift; path = ContentView.swift; sourceTree = "<group>"; };
		EB0AF5F8274BD435007C7EC0 /* Assets.xcassets */ = {isa = PBXFileReference; lastKnownFileType = folder.assetcatalog; path = Assets.xcassets; sourceTree = "<group>"; };
		EB0AF5FD274BD436007C7EC0 /* ios_app.app */ = {isa = PBXFileReference; explicitFileType = wrapper.application; includeInIndex = 0; path = ios_app.app; sourceTree = BUILT_PRODUCTS_DIR; };
		EB0AF603274BD436007C7EC0 /* ios_app.app */ = {isa = PBXFileReference; explicitFileType = wrapper.application; includeInIndex = 0; path = ios_app.app; sourceTree = BUILT_PRODUCTS_DIR; };
		EB0AF605274BD436007C7EC0 /* macOS.entitlements */ = {isa = PBXFileReference; lastKnownFileType = text.plist.entitlements; path = macOS.entitlements; sourceTree = "<group>"; };
		EB0AF60A274BD436007C7EC0 /* Tests iOS.xctest */ = {isa = PBXFileReference; explicitFileType = wrapper.cfbundle; includeInIndex = 0; path = "Tests iOS.xctest"; sourceTree = BUILT_PRODUCTS_DIR; };
		EB0AF60E274BD436007C7EC0 /* Tests_iOS.swift */ = {isa = PBXFileReference; lastKnownFileType = sourcecode.swift; path = Tests_iOS.swift; sourceTree = "<group>"; };
		EB0AF610274BD436007C7EC0 /* Tests_iOSLaunchTests.swift */ = {isa = PBXFileReference; lastKnownFileType = sourcecode.swift; path = Tests_iOSLaunchTests.swift; sourceTree = "<group>"; };
		EB0AF616274BD436007C7EC0 /* Tests macOS.xctest */ = {isa = PBXFileReference; explicitFileType = wrapper.cfbundle; includeInIndex = 0; path = "Tests macOS.xctest"; sourceTree = BUILT_PRODUCTS_DIR; };
		EB0AF61A274BD436007C7EC0 /* Tests_macOS.swift */ = {isa = PBXFileReference; lastKnownFileType = sourcecode.swift; path = Tests_macOS.swift; sourceTree = "<group>"; };
		EB0AF61C274BD436007C7EC0 /* Tests_macOSLaunchTests.swift */ = {isa = PBXFileReference; lastKnownFileType = sourcecode.swift; path = Tests_macOSLaunchTests.swift; sourceTree = "<group>"; };
/* End PBXFileReference section */

/* Begin PBXFrameworksBuildPhase section */
		EB0AF5FA274BD436007C7EC0 /* Frameworks */ = {
			isa = PBXFrameworksBuildPhase;
			buildActionMask = 2147483647;
			files = (
			);
			runOnlyForDeploymentPostprocessing = 0;
		};
		EB0AF600274BD436007C7EC0 /* Frameworks */ = {
			isa = PBXFrameworksBuildPhase;
			buildActionMask = 2147483647;
			files = (
			);
			runOnlyForDeploymentPostprocessing = 0;
		};
		EB0AF607274BD436007C7EC0 /* Frameworks */ = {
			isa = PBXFrameworksBuildPhase;
			buildActionMask = 2147483647;
			files = (
			);
			runOnlyForDeploymentPostprocessing = 0;
		};
		EB0AF613274BD436007C7EC0 /* Frameworks */ = {
			isa = PBXFrameworksBuildPhase;
			buildActionMask = 2147483647;
			files = (
			);
			runOnlyForDeploymentPostprocessing = 0;
		};
/* End PBXFrameworksBuildPhase section */

/* Begin PBXGroup section */
		EB0AF5F0274BD433007C7EC0 = {
			isa = PBXGroup;
			children = (
				EB0AF5F5274BD434007C7EC0 /* Shared */,
				EB0AF604274BD436007C7EC0 /* macOS */,
				EB0AF60D274BD436007C7EC0 /* Tests iOS */,
				EB0AF619274BD436007C7EC0 /* Tests macOS */,
				EB0AF5FE274BD436007C7EC0 /* Products */,
			);
			sourceTree = "<group>";
		};
		EB0AF5F5274BD434007C7EC0 /* Shared */ = {
			isa = PBXGroup;
			children = (
				EB0AF5F6274BD434007C7EC0 /* ios_appApp.swift */,
				EB0AF5F7274BD434007C7EC0 /* ContentView.swift */,
				EB0AF5F8274BD435007C7EC0 /* Assets.xcassets */,
			);
			path = Shared;
			sourceTree = "<group>";
		};
		EB0AF5FE274BD436007C7EC0 /* Products */ = {
			isa = PBXGroup;
			children = (
				EB0AF5FD274BD436007C7EC0 /* ios_app.app */,
				EB0AF603274BD436007C7EC0 /* ios_app.app */,
				EB0AF60A274BD436007C7EC0 /* Tests iOS.xctest */,
				EB0AF616274BD436007C7EC0 /* Tests macOS.xctest */,
			);
			name = Products;
			sourceTree = "<group>";
		};
		EB0AF604274BD436007C7EC0 /* macOS */ = {
			isa = PBXGroup;
			children = (
				EB0AF605274BD436007C7EC0 /* macOS.entitlements */,
			);
			path = macOS;
			sourceTree = "<group>";
		};
		EB0AF60D274BD436007C7EC0 /* Tests iOS */ = {
			isa = PBXGroup;
			children = (
				EB0AF60E274BD436007C7EC0 /* Tests_iOS.swift */,
				EB0AF610274BD436007C7EC0 /* Tests_iOSLaunchTests.swift */,
			);
			path = "Tests iOS";
			sourceTree = "<group>";
		};
		EB0AF619274BD436007C7EC0 /* Tests macOS */ = {
			isa = PBXGroup;
			children = (
				EB0AF61A274BD436007C7EC0 /* Tests_macOS.swift */,
				EB0AF61C274BD436007C7EC0 /* Tests_macOSLaunchTests.swift */,
			);
			path = "Tests macOS";
			sourceTree = "<group>";
		};
/* End PBXGroup section */

/* Begin PBXNativeTarget section */
		EB0AF5FC274BD436007C7EC0 /* ios_app (iOS) */ = {
			isa = PBXNativeTarget;
			buildConfigurationList = EB0AF626274BD436007C7EC0 /* Build configuration list for PBXNativeTarget "ios_app (iOS)" */;
			buildPhases = (
				EB0AF5F9274BD436007C7EC0 /* Sources */,
				EB0AF5FA274BD436007C7EC0 /* Frameworks */,
				EB0AF5FB274BD436007C7EC0 /* Resources */,
			);
			buildRules = (
			);
			dependencies = (
			);
			name = "ios_app (iOS)";
			productName = "ios_app (iOS)";
			productReference = EB0AF5FD274BD436007C7EC0 /* ios_app.app */;
			productType = "com.apple.product-type.application";
		};
		EB0AF602274BD436007C7EC0 /* ios_app (macOS) */ = {
			isa = PBXNativeTarget;
			buildConfigurationList = EB0AF629274BD436007C7EC0 /* Build configuration list for PBXNativeTarget "ios_app (macOS)" */;
			buildPhases = (
				EB0AF5FF274BD436007C7EC0 /* Sources */,
				EB0AF600274BD436007C7EC0 /* Frameworks */,
				EB0AF601274BD436007C7EC0 /* Resources */,
			);
			buildRules = (
			);
			dependencies = (
			);
			name = "ios_app (macOS)";
			productName = "ios_app (macOS)";
			productReference = EB0AF603274BD436007C7EC0 /* ios_app.app */;
			productType = "com.apple.product-type.application";
		};
		EB0AF609274BD436007C7EC0 /* Tests iOS */ = {
			isa = PBXNativeTarget;
			buildConfigurationList = EB0AF62C274BD436007C7EC0 /* Build configuration list for PBXNativeTarget "Tests iOS" */;
			buildPhases = (
				EB0AF606274BD436007C7EC0 /* Sources */,
				EB0AF607274BD436007C7EC0 /* Frameworks */,
				EB0AF608274BD436007C7EC0 /* Resources */,
			);
			buildRules = (
			);
			dependencies = (
				EB0AF60C274BD436007C7EC0 /* PBXTargetDependency */,
			);
			name = "Tests iOS";
			productName = "Tests iOS";
			productReference = EB0AF60A274BD436007C7EC0 /* Tests iOS.xctest */;
			productType = "com.apple.product-type.bundle.ui-testing";
		};
		EB0AF615274BD436007C7EC0 /* Tests macOS */ = {
			isa = PBXNativeTarget;
			buildConfigurationList = EB0AF62F274BD436007C7EC0 /* Build configuration list for PBXNativeTarget "Tests macOS" */;
			buildPhases = (
				EB0AF612274BD436007C7EC0 /* Sources */,
				EB0AF613274BD436007C7EC0 /* Frameworks */,
				EB0AF614274BD436007C7EC0 /* Resources */,
			);
			buildRules = (
			);
			dependencies = (
				EB0AF618274BD436007C7EC0 /* PBXTargetDependency */,
			);
			name = "Tests macOS";
			productName = "Tests macOS";
			productReference = EB0AF616274BD436007C7EC0 /* Tests macOS.xctest */;
			productType = "com.apple.product-type.bundle.ui-testing";
		};
/* End PBXNativeTarget section */

/* Begin PBXProject section */
		EB0AF5F1274BD433007C7EC0 /* Project object */ = {
			isa = PBXProject;
			attributes = {
				BuildIndependentTargetsInParallel = 1;
				LastSwiftUpdateCheck = 1310;
				LastUpgradeCheck = 1310;
				TargetAttributes = {
					EB0AF5FC274BD436007C7EC0 = {
						CreatedOnToolsVersion = 13.1;
					};
					EB0AF602274BD436007C7EC0 = {
						CreatedOnToolsVersion = 13.1;
					};
					EB0AF609274BD436007C7EC0 = {
						CreatedOnToolsVersion = 13.1;
						TestTargetID = EB0AF5FC274BD436007C7EC0;
					};
					EB0AF615274BD436007C7EC0 = {
						CreatedOnToolsVersion = 13.1;
						TestTargetID = EB0AF602274BD436007C7EC0;
					};
				};
			};
			buildConfigurationList = EB0AF5F4274BD433007C7EC0 /* Build configuration list for PBXProject "ios_app" */;
			compatibilityVersion = "Xcode 13.0";
			developmentRegion = en;
			hasScannedForEncodings = 0;
			knownRegions = (
				en,
				Base,
			);
			mainGroup = EB0AF5F0274BD433007C7EC0;
			productRefGroup = EB0AF5FE274BD436007C7EC0 /* Products */;
			projectDirPath = "";
			projectRoot = "";
			targets = (
				EB0AF5FC274BD436007C7EC0 /* ios_app (iOS) */,
				EB0AF602274BD436007C7EC0 /* ios_app (macOS) */,
				EB0AF609274BD436007C7EC0 /* Tests iOS */,
				EB0AF615274BD436007C7EC0 /* Tests macOS */,
			);
		};
/* End PBXProject section */

/* Begin PBXResourcesBuildPhase section */
		EB0AF5FB274BD436007C7EC0 /* Resources */ = {
			isa = PBXResourcesBuildPhase;
			buildActionMask = 2147483647;
			files = (
				EB0AF622274BD436007C7EC0 /* Assets.xcassets in Resources */,
			);
			runOnlyForDeploymentPostprocessing = 0;
		};
		EB0AF601274BD436007C7EC0 /* Resources */ = {
			isa = PBXResourcesBuildPhase;
			buildActionMask = 2147483647;
			files = (
				EB0AF623274BD436007C7EC0 /* Assets.xcassets in Resources */,
			);
			runOnlyForDeploymentPostprocessing = 0;
		};
		EB0AF608274BD436007C7EC0 /* Resources */ = {
			isa = PBXResourcesBuildPhase;
			buildActionMask = 2147483647;
			files = (
			);
			runOnlyForDeploymentPostprocessing = 0;
		};
		EB0AF614274BD436007C7EC0 /* Resources */ = {
			isa = PBXResourcesBuildPhase;
			buildActionMask = 2147483647;
			files = (
			);
			runOnlyForDeploymentPostprocessing = 0;
		};
/* End PBXResourcesBuildPhase section */

/* Begin PBXSourcesBuildPhase section */
		EB0AF5F9274BD436007C7EC0 /* Sources */ = {
			isa = PBXSourcesBuildPhase;
			buildActionMask = 2147483647;
			files = (
				EB0AF620274BD436007C7EC0 /* ContentView.swift in Sources */,
				EB0AF61E274BD436007C7EC0 /* ios_appApp.swift in Sources */,
			);
			runOnlyForDeploymentPostprocessing = 0;
		};
		EB0AF5FF274BD436007C7EC0 /* Sources */ = {
			isa = PBXSourcesBuildPhase;
			buildActionMask = 2147483647;
			files = (
				EB0AF621274BD436007C7EC0 /* ContentView.swift in Sources */,
				EB0AF61F274BD436007C7EC0 /* ios_appApp.swift in Sources */,
			);
			runOnlyForDeploymentPostprocessing = 0;
		};
		EB0AF606274BD436007C7EC0 /* Sources */ = {
			isa = PBXSourcesBuildPhase;
			buildActionMask = 2147483647;
			files = (
				EB0AF611274BD436007C7EC0 /* Tests_iOSLaunchTests.swift in Sources */,
				EB0AF60F274BD436007C7EC0 /* Tests_iOS.swift in Sources */,
			);
			runOnlyForDeploymentPostprocessing = 0;
		};
		EB0AF612274BD436007C7EC0 /* Sources */ = {
			isa = PBXSourcesBuildPhase;
			buildActionMask = 2147483647;
			files = (
				EB0AF61D274BD436007C7EC0 /* Tests_macOSLaunchTests.swift in Sources */,
				EB0AF61B274BD436007C7EC0 /* Tests_macOS.swift in Sources */,
			);
			runOnlyForDeploymentPostprocessing = 0;
		};
/* End PBXSourcesBuildPhase section */

/* Begin PBXTargetDependency section */
		EB0AF60C274BD436007C7EC0 /* PBXTargetDependency */ = {
			isa = PBXTargetDependency;
			target = EB0AF5FC274BD436007C7EC0 /* ios_app (iOS) */;
			targetProxy = EB0AF60B274BD436007C7EC0 /* PBXContainerItemProxy */;
		};
		EB0AF618274BD436007C7EC0 /* PBXTargetDependency */ = {
			isa = PBXTargetDependency;
			target = EB0AF602274BD436007C7EC0 /* ios_app (macOS) */;
			targetProxy = EB0AF617274BD436007C7EC0 /* PBXContainerItemProxy */;
		};
/* End PBXTargetDependency section */

/* Begin XCBuildConfiguration section */
		EB0AF624274BD436007C7EC0 /* Debug */ = {
			isa = XCBuildConfiguration;
			buildSettings = {
				ALWAYS_SEARCH_USER_PATHS = NO;
				CLANG_ANALYZER_NONNULL = YES;
				CLANG_ANALYZER_NUMBER_OBJECT_CONVERSION = YES_AGGRESSIVE;
				CLANG_CXX_LANGUAGE_STANDARD = "gnu++17";
				CLANG_CXX_LIBRARY = "libc++";
				CLANG_ENABLE_MODULES = YES;
				CLANG_ENABLE_OBJC_ARC = YES;
				CLANG_ENABLE_OBJC_WEAK = YES;
				CLANG_WARN_BLOCK_CAPTURE_AUTORELEASING = YES;
				CLANG_WARN_BOOL_CONVERSION = YES;
				CLANG_WARN_COMMA = YES;
				CLANG_WARN_CONSTANT_CONVERSION = YES;
				CLANG_WARN_DEPRECATED_OBJC_IMPLEMENTATIONS = YES;
				CLANG_WARN_DIRECT_OBJC_ISA_USAGE = YES_ERROR;
				CLANG_WARN_DOCUMENTATION_COMMENTS = YES;
				CLANG_WARN_EMPTY_BODY = YES;
				CLANG_WARN_ENUM_CONVERSION = YES;
				CLANG_WARN_INFINITE_RECURSION = YES;
				CLANG_WARN_INT_CONVERSION = YES;
				CLANG_WARN_NON_LITERAL_NULL_CONVERSION = YES;
				CLANG_WARN_OBJC_IMPLICIT_RETAIN_SELF = YES;
				CLANG_WARN_OBJC_LITERAL_CONVERSION = YES;
				CLANG_WARN_OBJC_ROOT_CLASS = YES_ERROR;
				CLANG_WARN_QUOTED_INCLUDE_IN_FRAMEWORK_HEADER = YES;
				CLANG_WARN_RANGE_LOOP_ANALYSIS = YES;
				CLANG_WARN_STRICT_PROTOTYPES = YES;
				CLANG_WARN_SUSPICIOUS_MOVE = YES;
				CLANG_WARN_UNGUARDED_AVAILABILITY = YES_AGGRESSIVE;
				CLANG_WARN_UNREACHABLE_CODE = YES;
				CLANG_WARN__DUPLICATE_METHOD_MATCH = YES;
				COPY_PHASE_STRIP = NO;
				DEBUG_INFORMATION_FORMAT = dwarf;
				ENABLE_STRICT_OBJC_MSGSEND = YES;
				ENABLE_TESTABILITY = YES;
				GCC_C_LANGUAGE_STANDARD = gnu11;
				GCC_DYNAMIC_NO_PIC = NO;
				GCC_NO_COMMON_BLOCKS = YES;
				GCC_OPTIMIZATION_LEVEL = 0;
				GCC_PREPROCESSOR_DEFINITIONS = (
					"DEBUG=1",
					"$(inherited)",
				);
				GCC_WARN_64_TO_32_BIT_CONVERSION = YES;
				GCC_WARN_ABOUT_RETURN_TYPE = YES_ERROR;
				GCC_WARN_UNDECLARED_SELECTOR = YES;
				GCC_WARN_UNINITIALIZED_AUTOS = YES_AGGRESSIVE;
				GCC_WARN_UNUSED_FUNCTION = YES;
				GCC_WARN_UNUSED_VARIABLE = YES;
				MTL_ENABLE_DEBUG_INFO = INCLUDE_SOURCE;
				MTL_FAST_MATH = YES;
				ONLY_ACTIVE_ARCH = YES;
				SWIFT_ACTIVE_COMPILATION_CONDITIONS = DEBUG;
				SWIFT_OPTIMIZATION_LEVEL = "-Onone";
			};
			name = Debug;
		};
		EB0AF625274BD436007C7EC0 /* Release */ = {
			isa = XCBuildConfiguration;
			buildSettings = {
				ALWAYS_SEARCH_USER_PATHS = NO;
				CLANG_ANALYZER_NONNULL = YES;
				CLANG_ANALYZER_NUMBER_OBJECT_CONVERSION = YES_AGGRESSIVE;
				CLANG_CXX_LANGUAGE_STANDARD = "gnu++17";
				CLANG_CXX_LIBRARY = "libc++";
				CLANG_ENABLE_MODULES = YES;
				CLANG_ENABLE_OBJC_ARC = YES;
				CLANG_ENABLE_OBJC_WEAK = YES;
				CLANG_WARN_BLOCK_CAPTURE_AUTORELEASING = YES;
				CLANG_WARN_BOOL_CONVERSION = YES;
				CLANG_WARN_COMMA = YES;
				CLANG_WARN_CONSTANT_CONVERSION = YES;
				CLANG_WARN_DEPRECATED_OBJC_IMPLEMENTATIONS = YES;
				CLANG_WARN_DIRECT_OBJC_ISA_USAGE = YES_ERROR;
				CLANG_WARN_DOCUMENTATION_COMMENTS = YES;
				CLANG_WARN_EMPTY_BODY = YES;
				CLANG_WARN_ENUM_CONVERSION = YES;
				CLANG_WARN_INFINITE_RECURSION = YES;
				CLANG_WARN_INT_CONVERSION = YES;
				CLANG_WARN_NON_LITERAL_NULL_CONVERSION = YES;
				CLANG_WARN_OBJC_IMPLICIT_RETAIN_SELF = YES;
				CLANG_WARN_OBJC_LITERAL_CONVERSION = YES;
				CLANG_WARN_OBJC_ROOT_CLASS = YES_ERROR;
				CLANG_WARN_QUOTED_INCLUDE_IN_FRAMEWORK_HEADER = YES;
				CLANG_WARN_RANGE_LOOP_ANALYSIS = YES;
				CLANG_WARN_STRICT_PROTOTYPES = YES;
				CLANG_WARN_SUSPICIOUS_MOVE = YES;
				CLANG_WARN_UNGUARDED_AVAILABILITY = YES_AGGRESSIVE;
				CLANG_WARN_UNREACHABLE_CODE = YES;
				CLANG_WARN__DUPLICATE_METHOD_MATCH = YES;
				COPY_PHASE_STRIP = NO;
				DEBUG_INFORMATION_FORMAT = "dwarf-with-dsym";
				ENABLE_NS_ASSERTIONS = NO;
				ENABLE_STRICT_OBJC_MSGSEND = YES;
				GCC_C_LANGUAGE_STANDARD = gnu11;
				GCC_NO_COMMON_BLOCKS = YES;
				GCC_WARN_64_TO_32_BIT_CONVERSION = YES;
				GCC_WARN_ABOUT_RETURN_TYPE = YES_ERROR;
				GCC_WARN_UNDECLARED_SELECTOR = YES;
				GCC_WARN_UNINITIALIZED_AUTOS = YES_AGGRESSIVE;
				GCC_WARN_UNUSED_FUNCTION = YES;
				GCC_WARN_UNUSED_VARIABLE = YES;
				MTL_ENABLE_DEBUG_INFO = NO;
				MTL_FAST_MATH = YES;
				SWIFT_COMPILATION_MODE = wholemodule;
				SWIFT_OPTIMIZATION_LEVEL = "-O";
			};
			name = Release;
		};
		EB0AF627274BD436007C7EC0 /* Debug */ = {
			isa = XCBuildConfiguration;
			buildSettings = {
				ASSETCATALOG_COMPILER_APPICON_NAME = AppIcon;
				ASSETCATALOG_COMPILER_GLOBAL_ACCENT_COLOR_NAME = AccentColor;
				CODE_SIGN_STYLE = Automatic;
				CURRENT_PROJECT_VERSION = 1;
				ENABLE_PREVIEWS = YES;
				GENERATE_INFOPLIST_FILE = YES;
				INFOPLIST_KEY_UIApplicationSceneManifest_Generation = YES;
				INFOPLIST_KEY_UIApplicationSupportsIndirectInputEvents = YES;
				INFOPLIST_KEY_UILaunchScreen_Generation = YES;
				INFOPLIST_KEY_UISupportedInterfaceOrientations_iPad = "UIInterfaceOrientationPortrait UIInterfaceOrientationPortraitUpsideDown UIInterfaceOrientationLandscapeLeft UIInterfaceOrientationLandscapeRight";
				INFOPLIST_KEY_UISupportedInterfaceOrientations_iPhone = "UIInterfaceOrientationPortrait UIInterfaceOrientationLandscapeLeft UIInterfaceOrientationLandscapeRight";
				IPHONEOS_DEPLOYMENT_TARGET = 15.0;
				LD_RUNPATH_SEARCH_PATHS = (
					"$(inherited)",
					"@executable_path/Frameworks",
				);
				MARKETING_VERSION = 1.0;
				PRODUCT_BUNDLE_IDENTIFIER = "com.allen.ios-app";
				PRODUCT_NAME = ios_app;
				SDKROOT = iphoneos;
				SWIFT_EMIT_LOC_STRINGS = YES;
				SWIFT_VERSION = 5.0;
				TARGETED_DEVICE_FAMILY = "1,2";
			};
			name = Debug;
		};
		EB0AF628274BD436007C7EC0 /* Release */ = {
			isa = XCBuildConfiguration;
			buildSettings = {
				ASSETCATALOG_COMPILER_APPICON_NAME = AppIcon;
				ASSETCATALOG_COMPILER_GLOBAL_ACCENT_COLOR_NAME = AccentColor;
				CODE_SIGN_STYLE = Automatic;
				CURRENT_PROJECT_VERSION = 1;
				ENABLE_PREVIEWS = YES;
				GENERATE_INFOPLIST_FILE = YES;
				INFOPLIST_KEY_UIApplicationSceneManifest_Generation = YES;
				INFOPLIST_KEY_UIApplicationSupportsIndirectInputEvents = YES;
				INFOPLIST_KEY_UILaunchScreen_Generation = YES;
				INFOPLIST_KEY_UISupportedInterfaceOrientations_iPad = "UIInterfaceOrientationPortrait UIInterfaceOrientationPortraitUpsideDown UIInterfaceOrientationLandscapeLeft UIInterfaceOrientationLandscapeRight";
				INFOPLIST_KEY_UISupportedInterfaceOrientations_iPhone = "UIInterfaceOrientationPortrait UIInterfaceOrientationLandscapeLeft UIInterfaceOrientationLandscapeRight";
				IPHONEOS_DEPLOYMENT_TARGET = 15.0;
				LD_RUNPATH_SEARCH_PATHS = (
					"$(inherited)",
					"@executable_path/Frameworks",
				);
				MARKETING_VERSION = 1.0;
				PRODUCT_BUNDLE_IDENTIFIER = "com.allen.ios-app";
				PRODUCT_NAME = ios_app;
				SDKROOT = iphoneos;
				SWIFT_EMIT_LOC_STRINGS = YES;
				SWIFT_VERSION = 5.0;
				TARGETED_DEVICE_FAMILY = "1,2";
				VALIDATE_PRODUCT = YES;
			};
			name = Release;
		};
		EB0AF62A274BD436007C7EC0 /* Debug */ = {
			isa = XCBuildConfiguration;
			buildSettings = {
				ASSETCATALOG_COMPILER_APPICON_NAME = AppIcon;
				ASSETCATALOG_COMPILER_GLOBAL_ACCENT_COLOR_NAME = AccentColor;
				CODE_SIGN_ENTITLEMENTS = macOS/macOS.entitlements;
				CODE_SIGN_STYLE = Automatic;
				COMBINE_HIDPI_IMAGES = YES;
				CURRENT_PROJECT_VERSION = 1;
				ENABLE_PREVIEWS = YES;
				GENERATE_INFOPLIST_FILE = YES;
				INFOPLIST_KEY_NSHumanReadableCopyright = "";
				LD_RUNPATH_SEARCH_PATHS = (
					"$(inherited)",
					"@executable_path/../Frameworks",
				);
				MACOSX_DEPLOYMENT_TARGET = 12.0;
				MARKETING_VERSION = 1.0;
				PRODUCT_BUNDLE_IDENTIFIER = "com.allen.ios-app";
				PRODUCT_NAME = ios_app;
				SDKROOT = macosx;
				SWIFT_EMIT_LOC_STRINGS = YES;
				SWIFT_VERSION = 5.0;
			};
			name = Debug;
		};
		EB0AF62B274BD436007C7EC0 /* Release */ = {
			isa = XCBuildConfiguration;
			buildSettings = {
				ASSETCATALOG_COMPILER_APPICON_NAME = AppIcon;
				ASSETCATALOG_COMPILER_GLOBAL_ACCENT_COLOR_NAME = AccentColor;
				CODE_SIGN_ENTITLEMENTS = macOS/macOS.entitlements;
				CODE_SIGN_STYLE = Automatic;
				COMBINE_HIDPI_IMAGES = YES;
				CURRENT_PROJECT_VERSION = 1;
				ENABLE_PREVIEWS = YES;
				GENERATE_INFOPLIST_FILE = YES;
				INFOPLIST_KEY_NSHumanReadableCopyright = "";
				LD_RUNPATH_SEARCH_PATHS = (
					"$(inherited)",
					"@executable_path/../Frameworks",
				);
				MACOSX_DEPLOYMENT_TARGET = 12.0;
				MARKETING_VERSION = 1.0;
				PRODUCT_BUNDLE_IDENTIFIER = "com.allen.ios-app";
				PRODUCT_NAME = ios_app;
				SDKROOT = macosx;
				SWIFT_EMIT_LOC_STRINGS = YES;
				SWIFT_VERSION = 5.0;
			};
			name = Release;
		};
		EB0AF62D274BD436007C7EC0 /* Debug */ = {
			isa = XCBuildConfiguration;
			buildSettings = {
				ALWAYS_EMBED_SWIFT_STANDARD_LIBRARIES = YES;
				CODE_SIGN_STYLE = Automatic;
				CURRENT_PROJECT_VERSION = 1;
				GENERATE_INFOPLIST_FILE = YES;
				IPHONEOS_DEPLOYMENT_TARGET = 15.0;
				LD_RUNPATH_SEARCH_PATHS = (
					"$(inherited)",
					"@executable_path/Frameworks",
					"@loader_path/Frameworks",
				);
				MARKETING_VERSION = 1.0;
				PRODUCT_BUNDLE_IDENTIFIER = "com.allen.Tests-iOS";
				PRODUCT_NAME = "$(TARGET_NAME)";
				SDKROOT = iphoneos;
				SWIFT_EMIT_LOC_STRINGS = NO;
				SWIFT_VERSION = 5.0;
				TARGETED_DEVICE_FAMILY = "1,2";
				TEST_TARGET_NAME = "ios_app (iOS)";
			};
			name = Debug;
		};
		EB0AF62E274BD436007C7EC0 /* Release */ = {
			isa = XCBuildConfiguration;
			buildSettings = {
				ALWAYS_EMBED_SWIFT_STANDARD_LIBRARIES = YES;
				CODE_SIGN_STYLE = Automatic;
				CURRENT_PROJECT_VERSION = 1;
				GENERATE_INFOPLIST_FILE = YES;
				IPHONEOS_DEPLOYMENT_TARGET = 15.0;
				LD_RUNPATH_SEARCH_PATHS = (
					"$(inherited)",
					"@executable_path/Frameworks",
					"@loader_path/Frameworks",
				);
				MARKETING_VERSION = 1.0;
				PRODUCT_BUNDLE_IDENTIFIER = "com.allen.Tests-iOS";
				PRODUCT_NAME = "$(TARGET_NAME)";
				SDKROOT = iphoneos;
				SWIFT_EMIT_LOC_STRINGS = NO;
				SWIFT_VERSION = 5.0;
				TARGETED_DEVICE_FAMILY = "1,2";
				TEST_TARGET_NAME = "ios_app (iOS)";
				VALIDATE_PRODUCT = YES;
			};
			name = Release;
		};
		EB0AF630274BD436007C7EC0 /* Debug */ = {
			isa = XCBuildConfiguration;
			buildSettings = {
				ALWAYS_EMBED_SWIFT_STANDARD_LIBRARIES = YES;
				CODE_SIGN_STYLE = Automatic;
				COMBINE_HIDPI_IMAGES = YES;
				CURRENT_PROJECT_VERSION = 1;
				GENERATE_INFOPLIST_FILE = YES;
				LD_RUNPATH_SEARCH_PATHS = (
					"$(inherited)",
					"@executable_path/../Frameworks",
					"@loader_path/../Frameworks",
				);
				MACOSX_DEPLOYMENT_TARGET = 12.0;
				MARKETING_VERSION = 1.0;
				PRODUCT_BUNDLE_IDENTIFIER = "com.allen.Tests-macOS";
				PRODUCT_NAME = "$(TARGET_NAME)";
				SDKROOT = macosx;
				SWIFT_EMIT_LOC_STRINGS = NO;
				SWIFT_VERSION = 5.0;
				TEST_TARGET_NAME = "ios_app (macOS)";
			};
			name = Debug;
		};
		EB0AF631274BD436007C7EC0 /* Release */ = {
			isa = XCBuildConfiguration;
			buildSettings = {
				ALWAYS_EMBED_SWIFT_STANDARD_LIBRARIES = YES;
				CODE_SIGN_STYLE = Automatic;
				COMBINE_HIDPI_IMAGES = YES;
				CURRENT_PROJECT_VERSION = 1;
				GENERATE_INFOPLIST_FILE = YES;
				LD_RUNPATH_SEARCH_PATHS = (
					"$(inherited)",
					"@executable_path/../Frameworks",
					"@loader_path/../Frameworks",
				);
				MACOSX_DEPLOYMENT_TARGET = 12.0;
				MARKETING_VERSION = 1.0;
				PRODUCT_BUNDLE_IDENTIFIER = "com.allen.Tests-macOS";
				PRODUCT_NAME = "$(TARGET_NAME)";
				SDKROOT = macosx;
				SWIFT_EMIT_LOC_STRINGS = NO;
				SWIFT_VERSION = 5.0;
				TEST_TARGET_NAME = "ios_app (macOS)";
			};
			name = Release;
		};
/* End XCBuildConfiguration section */

/* Begin XCConfigurationList section */
		EB0AF5F4274BD433007C7EC0 /* Build configuration list for PBXProject "ios_app" */ = {
			isa = XCConfigurationList;
			buildConfigurations = (
				EB0AF624274BD436007C7EC0 /* Debug */,
				EB0AF625274BD436007C7EC0 /* Release */,
			);
			defaultConfigurationIsVisible = 0;
			defaultConfigurationName = Release;
		};
		EB0AF626274BD436007C7EC0 /* Build configuration list for PBXNativeTarget "ios_app (iOS)" */ = {
			isa = XCConfigurationList;
			buildConfigurations = (
				EB0AF627274BD436007C7EC0 /* Debug */,
				EB0AF628274BD436007C7EC0 /* Release */,
			);
			defaultConfigurationIsVisible = 0;
			defaultConfigurationName = Release;
		};
		EB0AF629274BD436007C7EC0 /* Build configuration list for PBXNativeTarget "ios_app (macOS)" */ = {
			isa = XCConfigurationList;
			buildConfigurations = (
				EB0AF62A274BD436007C7EC0 /* Debug */,
				EB0AF62B274BD436007C7EC0 /* Release */,
			);
			defaultConfigurationIsVisible = 0;
			defaultConfigurationName = Release;
		};
		EB0AF62C274BD436007C7EC0 /* Build configuration list for PBXNativeTarget "Tests iOS" */ = {
			isa = XCConfigurationList;
			buildConfigurations = (
				EB0AF62D274BD436007C7EC0 /* Debug */,
				EB0AF62E274BD436007C7EC0 /* Release */,
			);
			defaultConfigurationIsVisible = 0;
			defaultConfigurationName = Release;
		};
		EB0AF62F274BD436007C7EC0 /* Build configuration list for PBXNativeTarget "Tests macOS" */ = {
			isa = XCConfigurationList;
			buildConfigurations = (
				EB0AF630274BD436007C7EC0 /* Debug */,
				EB0AF631274BD436007C7EC0 /* Release */,
			);
			defaultConfigurationIsVisible = 0;
			defaultConfigurationName = Release;
		};
/* End XCConfigurationList section */
	};
	rootObject = EB0AF5F1274BD433007C7EC0 /* Project object */;
}
