// !$*UTF8*$!
{
	archiveVersion = 1;
	classes = {
	};
	objectVersion = 46;
	objects = {

/* Begin PBXBuildFile section */
		EBA52E0B1EB1EF6600DCBEE6 /* main.m in Sources */ = {isa = PBXBuildFile; fileRef = EBA52E0A1EB1EF6600DCBEE6 /* main.m */; };
		EBA52E0E1EB1EF6600DCBEE6 /* AppDelegate.m in Sources */ = {isa = PBXBuildFile; fileRef = EBA52E0D1EB1EF6600DCBEE6 /* AppDelegate.m */; };
		EBA52E111EB1EF6600DCBEE6 /* ViewController.m in Sources */ = {isa = PBXBuildFile; fileRef = EBA52E101EB1EF6600DCBEE6 /* ViewController.m */; };
		EBA52E141EB1EF6600DCBEE6 /* Main.storyboard in Resources */ = {isa = PBXBuildFile; fileRef = EBA52E121EB1EF6600DCBEE6 /* Main.storyboard */; };
		EBA52E161EB1EF6600DCBEE6 /* Assets.xcassets in Resources */ = {isa = PBXBuildFile; fileRef = EBA52E151EB1EF6600DCBEE6 /* Assets.xcassets */; };
		EBA52E191EB1EF6600DCBEE6 /* LaunchScreen.storyboard in Resources */ = {isa = PBXBuildFile; fileRef = EBA52E171EB1EF6600DCBEE6 /* LaunchScreen.storyboard */; };
		EBA52E241EB1EF6600DCBEE6 /* HelloWorldTests.m in Sources */ = {isa = PBXBuildFile; fileRef = EBA52E231EB1EF6600DCBEE6 /* HelloWorldTests.m */; };
		EBA52E2F1EB1EF6600DCBEE6 /* HelloWorldUITests.m in Sources */ = {isa = PBXBuildFile; fileRef = EBA52E2E1EB1EF6600DCBEE6 /* HelloWorldUITests.m */; };
		EBC5A0B01EB3319A00ED93D8 /* DSLLoginTextField.m in Sources */ = {isa = PBXBuildFile; fileRef = EBC5A0AF1EB3319A00ED93D8 /* DSLLoginTextField.m */; };
/* End PBXBuildFile section */

/* Begin PBXContainerItemProxy section */
		EBA52E201EB1EF6600DCBEE6 /* PBXContainerItemProxy */ = {
			isa = PBXContainerItemProxy;
			containerPortal = EBA52DFE1EB1EF6600DCBEE6 /* Project object */;
			proxyType = 1;
			remoteGlobalIDString = EBA52E051EB1EF6600DCBEE6;
			remoteInfo = HelloWorld;
		};
		EBA52E2B1EB1EF6600DCBEE6 /* PBXContainerItemProxy */ = {
			isa = PBXContainerItemProxy;
			containerPortal = EBA52DFE1EB1EF6600DCBEE6 /* Project object */;
			proxyType = 1;
			remoteGlobalIDString = EBA52E051EB1EF6600DCBEE6;
			remoteInfo = HelloWorld;
		};
/* End PBXContainerItemProxy section */

/* Begin PBXFileReference section */
		EBA52E061EB1EF6600DCBEE6 /* HelloWorld.app */ = {isa = PBXFileReference; explicitFileType = wrapper.application; includeInIndex = 0; path = HelloWorld.app; sourceTree = BUILT_PRODUCTS_DIR; };
		EBA52E0A1EB1EF6600DCBEE6 /* main.m */ = {isa = PBXFileReference; lastKnownFileType = sourcecode.c.objc; path = main.m; sourceTree = "<group>"; };
		EBA52E0C1EB1EF6600DCBEE6 /* AppDelegate.h */ = {isa = PBXFileReference; lastKnownFileType = sourcecode.c.h; path = AppDelegate.h; sourceTree = "<group>"; };
		EBA52E0D1EB1EF6600DCBEE6 /* AppDelegate.m */ = {isa = PBXFileReference; lastKnownFileType = sourcecode.c.objc; path = AppDelegate.m; sourceTree = "<group>"; };
		EBA52E0F1EB1EF6600DCBEE6 /* ViewController.h */ = {isa = PBXFileReference; lastKnownFileType = sourcecode.c.h; path = ViewController.h; sourceTree = "<group>"; };
		EBA52E101EB1EF6600DCBEE6 /* ViewController.m */ = {isa = PBXFileReference; lastKnownFileType = sourcecode.c.objc; path = ViewController.m; sourceTree = "<group>"; };
		EBA52E131EB1EF6600DCBEE6 /* Base */ = {isa = PBXFileReference; lastKnownFileType = file.storyboard; name = Base; path = Base.lproj/Main.storyboard; sourceTree = "<group>"; };
		EBA52E151EB1EF6600DCBEE6 /* Assets.xcassets */ = {isa = PBXFileReference; lastKnownFileType = folder.assetcatalog; path = Assets.xcassets; sourceTree = "<group>"; };
		EBA52E181EB1EF6600DCBEE6 /* Base */ = {isa = PBXFileReference; lastKnownFileType = file.storyboard; name = Base; path = Base.lproj/LaunchScreen.storyboard; sourceTree = "<group>"; };
		EBA52E1A1EB1EF6600DCBEE6 /* Info.plist */ = {isa = PBXFileReference; lastKnownFileType = text.plist.xml; path = Info.plist; sourceTree = "<group>"; };
		EBA52E1F1EB1EF6600DCBEE6 /* HelloWorldTests.xctest */ = {isa = PBXFileReference; explicitFileType = wrapper.cfbundle; includeInIndex = 0; path = HelloWorldTests.xctest; sourceTree = BUILT_PRODUCTS_DIR; };
		EBA52E231EB1EF6600DCBEE6 /* HelloWorldTests.m */ = {isa = PBXFileReference; lastKnownFileType = sourcecode.c.objc; path = HelloWorldTests.m; sourceTree = "<group>"; };
		EBA52E251EB1EF6600DCBEE6 /* Info.plist */ = {isa = PBXFileReference; lastKnownFileType = text.plist.xml; path = Info.plist; sourceTree = "<group>"; };
		EBA52E2A1EB1EF6600DCBEE6 /* HelloWorldUITests.xctest */ = {isa = PBXFileReference; explicitFileType = wrapper.cfbundle; includeInIndex = 0; path = HelloWorldUITests.xctest; sourceTree = BUILT_PRODUCTS_DIR; };
		EBA52E2E1EB1EF6600DCBEE6 /* HelloWorldUITests.m */ = {isa = PBXFileReference; lastKnownFileType = sourcecode.c.objc; path = HelloWorldUITests.m; sourceTree = "<group>"; };
		EBA52E301EB1EF6600DCBEE6 /* Info.plist */ = {isa = PBXFileReference; lastKnownFileType = text.plist.xml; path = Info.plist; sourceTree = "<group>"; };
		EBC5A0AE1EB3319A00ED93D8 /* DSLLoginTextField.h */ = {isa = PBXFileReference; fileEncoding = 4; lastKnownFileType = sourcecode.c.h; path = DSLLoginTextField.h; sourceTree = "<group>"; };
		EBC5A0AF1EB3319A00ED93D8 /* DSLLoginTextField.m */ = {isa = PBXFileReference; fileEncoding = 4; lastKnownFileType = sourcecode.c.objc; path = DSLLoginTextField.m; sourceTree = "<group>"; };
/* End PBXFileReference section */

/* Begin PBXFrameworksBuildPhase section */
		EBA52E031EB1EF6600DCBEE6 /* Frameworks */ = {
			isa = PBXFrameworksBuildPhase;
			buildActionMask = 2147483647;
			files = (
			);
			runOnlyForDeploymentPostprocessing = 0;
		};
		EBA52E1C1EB1EF6600DCBEE6 /* Frameworks */ = {
			isa = PBXFrameworksBuildPhase;
			buildActionMask = 2147483647;
			files = (
			);
			runOnlyForDeploymentPostprocessing = 0;
		};
		EBA52E271EB1EF6600DCBEE6 /* Frameworks */ = {
			isa = PBXFrameworksBuildPhase;
			buildActionMask = 2147483647;
			files = (
			);
			runOnlyForDeploymentPostprocessing = 0;
		};
/* End PBXFrameworksBuildPhase section */

/* Begin PBXGroup section */
		EBA52DFD1EB1EF6600DCBEE6 = {
			isa = PBXGroup;
			children = (
				EBA52E081EB1EF6600DCBEE6 /* HelloWorld */,
				EBA52E221EB1EF6600DCBEE6 /* HelloWorldTests */,
				EBA52E2D1EB1EF6600DCBEE6 /* HelloWorldUITests */,
				EBA52E071EB1EF6600DCBEE6 /* Products */,
			);
			sourceTree = "<group>";
		};
		EBA52E071EB1EF6600DCBEE6 /* Products */ = {
			isa = PBXGroup;
			children = (
				EBA52E061EB1EF6600DCBEE6 /* HelloWorld.app */,
				EBA52E1F1EB1EF6600DCBEE6 /* HelloWorldTests.xctest */,
				EBA52E2A1EB1EF6600DCBEE6 /* HelloWorldUITests.xctest */,
			);
			name = Products;
			sourceTree = "<group>";
		};
		EBA52E081EB1EF6600DCBEE6 /* HelloWorld */ = {
			isa = PBXGroup;
			children = (
				EBC5A0AD1EB3319A00ED93D8 /* loginTextField */,
				EBA52E0C1EB1EF6600DCBEE6 /* AppDelegate.h */,
				EBA52E0D1EB1EF6600DCBEE6 /* AppDelegate.m */,
				EBA52E0F1EB1EF6600DCBEE6 /* ViewController.h */,
				EBA52E101EB1EF6600DCBEE6 /* ViewController.m */,
				EBA52E121EB1EF6600DCBEE6 /* Main.storyboard */,
				EBA52E151EB1EF6600DCBEE6 /* Assets.xcassets */,
				EBA52E171EB1EF6600DCBEE6 /* LaunchScreen.storyboard */,
				EBA52E1A1EB1EF6600DCBEE6 /* Info.plist */,
				EBA52E091EB1EF6600DCBEE6 /* Supporting Files */,
			);
			path = HelloWorld;
			sourceTree = "<group>";
		};
		EBA52E091EB1EF6600DCBEE6 /* Supporting Files */ = {
			isa = PBXGroup;
			children = (
				EBA52E0A1EB1EF6600DCBEE6 /* main.m */,
			);
			name = "Supporting Files";
			sourceTree = "<group>";
		};
		EBA52E221EB1EF6600DCBEE6 /* HelloWorldTests */ = {
			isa = PBXGroup;
			children = (
				EBA52E231EB1EF6600DCBEE6 /* HelloWorldTests.m */,
				EBA52E251EB1EF6600DCBEE6 /* Info.plist */,
			);
			path = HelloWorldTests;
			sourceTree = "<group>";
		};
		EBA52E2D1EB1EF6600DCBEE6 /* HelloWorldUITests */ = {
			isa = PBXGroup;
			children = (
				EBA52E2E1EB1EF6600DCBEE6 /* HelloWorldUITests.m */,
				EBA52E301EB1EF6600DCBEE6 /* Info.plist */,
			);
			path = HelloWorldUITests;
			sourceTree = "<group>";
		};
		EBC5A0AD1EB3319A00ED93D8 /* loginTextField */ = {
			isa = PBXGroup;
			children = (
				EBC5A0AE1EB3319A00ED93D8 /* DSLLoginTextField.h */,
				EBC5A0AF1EB3319A00ED93D8 /* DSLLoginTextField.m */,
			);
			path = loginTextField;
			sourceTree = "<group>";
		};
/* End PBXGroup section */

/* Begin PBXNativeTarget section */
		EBA52E051EB1EF6600DCBEE6 /* HelloWorld */ = {
			isa = PBXNativeTarget;
			buildConfigurationList = EBA52E331EB1EF6600DCBEE6 /* Build configuration list for PBXNativeTarget "HelloWorld" */;
			buildPhases = (
				EBA52E021EB1EF6600DCBEE6 /* Sources */,
				EBA52E031EB1EF6600DCBEE6 /* Frameworks */,
				EBA52E041EB1EF6600DCBEE6 /* Resources */,
			);
			buildRules = (
			);
			dependencies = (
			);
			name = HelloWorld;
			productName = HelloWorld;
			productReference = EBA52E061EB1EF6600DCBEE6 /* HelloWorld.app */;
			productType = "com.apple.product-type.application";
		};
		EBA52E1E1EB1EF6600DCBEE6 /* HelloWorldTests */ = {
			isa = PBXNativeTarget;
			buildConfigurationList = EBA52E361EB1EF6600DCBEE6 /* Build configuration list for PBXNativeTarget "HelloWorldTests" */;
			buildPhases = (
				EBA52E1B1EB1EF6600DCBEE6 /* Sources */,
				EBA52E1C1EB1EF6600DCBEE6 /* Frameworks */,
				EBA52E1D1EB1EF6600DCBEE6 /* Resources */,
			);
			buildRules = (
			);
			dependencies = (
				EBA52E211EB1EF6600DCBEE6 /* PBXTargetDependency */,
			);
			name = HelloWorldTests;
			productName = HelloWorldTests;
			productReference = EBA52E1F1EB1EF6600DCBEE6 /* HelloWorldTests.xctest */;
			productType = "com.apple.product-type.bundle.unit-test";
		};
		EBA52E291EB1EF6600DCBEE6 /* HelloWorldUITests */ = {
			isa = PBXNativeTarget;
			buildConfigurationList = EBA52E391EB1EF6600DCBEE6 /* Build configuration list for PBXNativeTarget "HelloWorldUITests" */;
			buildPhases = (
				EBA52E261EB1EF6600DCBEE6 /* Sources */,
				EBA52E271EB1EF6600DCBEE6 /* Frameworks */,
				EBA52E281EB1EF6600DCBEE6 /* Resources */,
			);
			buildRules = (
			);
			dependencies = (
				EBA52E2C1EB1EF6600DCBEE6 /* PBXTargetDependency */,
			);
			name = HelloWorldUITests;
			productName = HelloWorldUITests;
			productReference = EBA52E2A1EB1EF6600DCBEE6 /* HelloWorldUITests.xctest */;
			productType = "com.apple.product-type.bundle.ui-testing";
		};
/* End PBXNativeTarget section */

/* Begin PBXProject section */
		EBA52DFE1EB1EF6600DCBEE6 /* Project object */ = {
			isa = PBXProject;
			attributes = {
				LastUpgradeCheck = 0830;
				ORGANIZATIONNAME = gao.com;
				TargetAttributes = {
					EBA52E051EB1EF6600DCBEE6 = {
						CreatedOnToolsVersion = 8.3.2;
						ProvisioningStyle = Automatic;
					};
					EBA52E1E1EB1EF6600DCBEE6 = {
						CreatedOnToolsVersion = 8.3.2;
						ProvisioningStyle = Automatic;
						TestTargetID = EBA52E051EB1EF6600DCBEE6;
					};
					EBA52E291EB1EF6600DCBEE6 = {
						CreatedOnToolsVersion = 8.3.2;
						ProvisioningStyle = Automatic;
						TestTargetID = EBA52E051EB1EF6600DCBEE6;
					};
				};
			};
			buildConfigurationList = EBA52E011EB1EF6600DCBEE6 /* Build configuration list for PBXProject "HelloWorld" */;
			compatibilityVersion = "Xcode 3.2";
			developmentRegion = English;
			hasScannedForEncodings = 0;
			knownRegions = (
				en,
				Base,
			);
			mainGroup = EBA52DFD1EB1EF6600DCBEE6;
			productRefGroup = EBA52E071EB1EF6600DCBEE6 /* Products */;
			projectDirPath = "";
			projectRoot = "";
			targets = (
				EBA52E051EB1EF6600DCBEE6 /* HelloWorld */,
				EBA52E1E1EB1EF6600DCBEE6 /* HelloWorldTests */,
				EBA52E291EB1EF6600DCBEE6 /* HelloWorldUITests */,
			);
		};
/* End PBXProject section */

/* Begin PBXResourcesBuildPhase section */
		EBA52E041EB1EF6600DCBEE6 /* Resources */ = {
			isa = PBXResourcesBuildPhase;
			buildActionMask = 2147483647;
			files = (
				EBA52E191EB1EF6600DCBEE6 /* LaunchScreen.storyboard in Resources */,
				EBA52E161EB1EF6600DCBEE6 /* Assets.xcassets in Resources */,
				EBA52E141EB1EF6600DCBEE6 /* Main.storyboard in Resources */,
			);
			runOnlyForDeploymentPostprocessing = 0;
		};
		EBA52E1D1EB1EF6600DCBEE6 /* Resources */ = {
			isa = PBXResourcesBuildPhase;
			buildActionMask = 2147483647;
			files = (
			);
			runOnlyForDeploymentPostprocessing = 0;
		};
		EBA52E281EB1EF6600DCBEE6 /* Resources */ = {
			isa = PBXResourcesBuildPhase;
			buildActionMask = 2147483647;
			files = (
			);
			runOnlyForDeploymentPostprocessing = 0;
		};
/* End PBXResourcesBuildPhase section */

/* Begin PBXSourcesBuildPhase section */
		EBA52E021EB1EF6600DCBEE6 /* Sources */ = {
			isa = PBXSourcesBuildPhase;
			buildActionMask = 2147483647;
			files = (
				EBA52E111EB1EF6600DCBEE6 /* ViewController.m in Sources */,
				EBA52E0E1EB1EF6600DCBEE6 /* AppDelegate.m in Sources */,
				EBA52E0B1EB1EF6600DCBEE6 /* main.m in Sources */,
				EBC5A0B01EB3319A00ED93D8 /* DSLLoginTextField.m in Sources */,
			);
			runOnlyForDeploymentPostprocessing = 0;
		};
		EBA52E1B1EB1EF6600DCBEE6 /* Sources */ = {
			isa = PBXSourcesBuildPhase;
			buildActionMask = 2147483647;
			files = (
				EBA52E241EB1EF6600DCBEE6 /* HelloWorldTests.m in Sources */,
			);
			runOnlyForDeploymentPostprocessing = 0;
		};
		EBA52E261EB1EF6600DCBEE6 /* Sources */ = {
			isa = PBXSourcesBuildPhase;
			buildActionMask = 2147483647;
			files = (
				EBA52E2F1EB1EF6600DCBEE6 /* HelloWorldUITests.m in Sources */,
			);
			runOnlyForDeploymentPostprocessing = 0;
		};
/* End PBXSourcesBuildPhase section */

/* Begin PBXTargetDependency section */
		EBA52E211EB1EF6600DCBEE6 /* PBXTargetDependency */ = {
			isa = PBXTargetDependency;
			target = EBA52E051EB1EF6600DCBEE6 /* HelloWorld */;
			targetProxy = EBA52E201EB1EF6600DCBEE6 /* PBXContainerItemProxy */;
		};
		EBA52E2C1EB1EF6600DCBEE6 /* PBXTargetDependency */ = {
			isa = PBXTargetDependency;
			target = EBA52E051EB1EF6600DCBEE6 /* HelloWorld */;
			targetProxy = EBA52E2B1EB1EF6600DCBEE6 /* PBXContainerItemProxy */;
		};
/* End PBXTargetDependency section */

/* Begin PBXVariantGroup section */
		EBA52E121EB1EF6600DCBEE6 /* Main.storyboard */ = {
			isa = PBXVariantGroup;
			children = (
				EBA52E131EB1EF6600DCBEE6 /* Base */,
			);
			name = Main.storyboard;
			sourceTree = "<group>";
		};
		EBA52E171EB1EF6600DCBEE6 /* LaunchScreen.storyboard */ = {
			isa = PBXVariantGroup;
			children = (
				EBA52E181EB1EF6600DCBEE6 /* Base */,
			);
			name = LaunchScreen.storyboard;
			sourceTree = "<group>";
		};
/* End PBXVariantGroup section */

/* Begin XCBuildConfiguration section */
		EBA52E311EB1EF6600DCBEE6 /* Debug */ = {
			isa = XCBuildConfiguration;
			buildSettings = {
				ALWAYS_SEARCH_USER_PATHS = NO;
				CLANG_ANALYZER_NONNULL = YES;
				CLANG_ANALYZER_NUMBER_OBJECT_CONVERSION = YES_AGGRESSIVE;
				CLANG_CXX_LANGUAGE_STANDARD = "gnu++0x";
				CLANG_CXX_LIBRARY = "libc++";
				CLANG_ENABLE_MODULES = YES;
				CLANG_ENABLE_OBJC_ARC = YES;
				CLANG_WARN_BOOL_CONVERSION = YES;
				CLANG_WARN_CONSTANT_CONVERSION = YES;
				CLANG_WARN_DIRECT_OBJC_ISA_USAGE = YES_ERROR;
				CLANG_WARN_DOCUMENTATION_COMMENTS = YES;
				CLANG_WARN_EMPTY_BODY = YES;
				CLANG_WARN_ENUM_CONVERSION = YES;
				CLANG_WARN_INFINITE_RECURSION = YES;
				CLANG_WARN_INT_CONVERSION = YES;
				CLANG_WARN_OBJC_ROOT_CLASS = YES_ERROR;
				CLANG_WARN_SUSPICIOUS_MOVE = YES;
				CLANG_WARN_UNREACHABLE_CODE = YES;
				CLANG_WARN__DUPLICATE_METHOD_MATCH = YES;
				"CODE_SIGN_IDENTITY[sdk=iphoneos*]" = "iPhone Developer";
				COPY_PHASE_STRIP = NO;
				DEBUG_INFORMATION_FORMAT = dwarf;
				ENABLE_STRICT_OBJC_MSGSEND = YES;
				ENABLE_TESTABILITY = YES;
				GCC_C_LANGUAGE_STANDARD = gnu99;
				GCC_DYNAMIC_NO_PIC = NO;
				GCC_NO_COMMON_BLOCKS = YES;
				GCC_OPTIMIZATION_LEVEL = 0;
				GCC_PREPROCESSOR_DEFINITIONS = (
					"DEBUG=1",
					"$(inherited)",
				);
				GCC_WARN_64_TO_32_BIT_CONVERSION = YES;
				GCC_WARN_ABOUT_RETURN_TYPE = YES_ERROR;
				GCC_WARN_UNDECLARED_SELECTOR = YES;
				GCC_WARN_UNINITIALIZED_AUTOS = YES_AGGRESSIVE;
				GCC_WARN_UNUSED_FUNCTION = YES;
				GCC_WARN_UNUSED_VARIABLE = YES;
				IPHONEOS_DEPLOYMENT_TARGET = 10.3;
				MTL_ENABLE_DEBUG_INFO = YES;
				ONLY_ACTIVE_ARCH = YES;
				SDKROOT = iphoneos;
				TARGETED_DEVICE_FAMILY = "1,2";
			};
			name = Debug;
		};
		EBA52E321EB1EF6600DCBEE6 /* Release */ = {
			isa = XCBuildConfiguration;
			buildSettings = {
				ALWAYS_SEARCH_USER_PATHS = NO;
				CLANG_ANALYZER_NONNULL = YES;
				CLANG_ANALYZER_NUMBER_OBJECT_CONVERSION = YES_AGGRESSIVE;
				CLANG_CXX_LANGUAGE_STANDARD = "gnu++0x";
				CLANG_CXX_LIBRARY = "libc++";
				CLANG_ENABLE_MODULES = YES;
				CLANG_ENABLE_OBJC_ARC = YES;
				CLANG_WARN_BOOL_CONVERSION = YES;
				CLANG_WARN_CONSTANT_CONVERSION = YES;
				CLANG_WARN_DIRECT_OBJC_ISA_USAGE = YES_ERROR;
				CLANG_WARN_DOCUMENTATION_COMMENTS = YES;
				CLANG_WARN_EMPTY_BODY = YES;
				CLANG_WARN_ENUM_CONVERSION = YES;
				CLANG_WARN_INFINITE_RECURSION = YES;
				CLANG_WARN_INT_CONVERSION = YES;
				CLANG_WARN_OBJC_ROOT_CLASS = YES_ERROR;
				CLANG_WARN_SUSPICIOUS_MOVE = YES;
				CLANG_WARN_UNREACHABLE_CODE = YES;
				CLANG_WARN__DUPLICATE_METHOD_MATCH = YES;
				"CODE_SIGN_IDENTITY[sdk=iphoneos*]" = "iPhone Developer";
				COPY_PHASE_STRIP = NO;
				DEBUG_INFORMATION_FORMAT = "dwarf-with-dsym";
				ENABLE_NS_ASSERTIONS = NO;
				ENABLE_STRICT_OBJC_MSGSEND = YES;
				GCC_C_LANGUAGE_STANDARD = gnu99;
				GCC_NO_COMMON_BLOCKS = YES;
				GCC_WARN_64_TO_32_BIT_CONVERSION = YES;
				GCC_WARN_ABOUT_RETURN_TYPE = YES_ERROR;
				GCC_WARN_UNDECLARED_SELECTOR = YES;
				GCC_WARN_UNINITIALIZED_AUTOS = YES_AGGRESSIVE;
				GCC_WARN_UNUSED_FUNCTION = YES;
				GCC_WARN_UNUSED_VARIABLE = YES;
				IPHONEOS_DEPLOYMENT_TARGET = 10.3;
				MTL_ENABLE_DEBUG_INFO = NO;
				SDKROOT = iphoneos;
				TARGETED_DEVICE_FAMILY = "1,2";
				VALIDATE_PRODUCT = YES;
			};
			name = Release;
		};
		EBA52E341EB1EF6600DCBEE6 /* Debug */ = {
			isa = XCBuildConfiguration;
			buildSettings = {
				ASSETCATALOG_COMPILER_APPICON_NAME = AppIcon;
				INFOPLIST_FILE = HelloWorld/Info.plist;
				LD_RUNPATH_SEARCH_PATHS = "$(inherited) @executable_path/Frameworks";
				PRODUCT_BUNDLE_IDENTIFIER = gao.com.HelloWorld;
				PRODUCT_NAME = "$(TARGET_NAME)";
			};
			name = Debug;
		};
		EBA52E351EB1EF6600DCBEE6 /* Release */ = {
			isa = XCBuildConfiguration;
			buildSettings = {
				ASSETCATALOG_COMPILER_APPICON_NAME = AppIcon;
				INFOPLIST_FILE = HelloWorld/Info.plist;
				LD_RUNPATH_SEARCH_PATHS = "$(inherited) @executable_path/Frameworks";
				PRODUCT_BUNDLE_IDENTIFIER = gao.com.HelloWorld;
				PRODUCT_NAME = "$(TARGET_NAME)";
			};
			name = Release;
		};
		EBA52E371EB1EF6600DCBEE6 /* Debug */ = {
			isa = XCBuildConfiguration;
			buildSettings = {
				BUNDLE_LOADER = "$(TEST_HOST)";
				INFOPLIST_FILE = HelloWorldTests/Info.plist;
				LD_RUNPATH_SEARCH_PATHS = "$(inherited) @executable_path/Frameworks @loader_path/Frameworks";
				PRODUCT_BUNDLE_IDENTIFIER = gao.com.HelloWorldTests;
				PRODUCT_NAME = "$(TARGET_NAME)";
				TEST_HOST = "$(BUILT_PRODUCTS_DIR)/HelloWorld.app/HelloWorld";
			};
			name = Debug;
		};
		EBA52E381EB1EF6600DCBEE6 /* Release */ = {
			isa = XCBuildConfiguration;
			buildSettings = {
				BUNDLE_LOADER = "$(TEST_HOST)";
				INFOPLIST_FILE = HelloWorldTests/Info.plist;
				LD_RUNPATH_SEARCH_PATHS = "$(inherited) @executable_path/Frameworks @loader_path/Frameworks";
				PRODUCT_BUNDLE_IDENTIFIER = gao.com.HelloWorldTests;
				PRODUCT_NAME = "$(TARGET_NAME)";
				TEST_HOST = "$(BUILT_PRODUCTS_DIR)/HelloWorld.app/HelloWorld";
			};
			name = Release;
		};
		EBA52E3A1EB1EF6600DCBEE6 /* Debug */ = {
			isa = XCBuildConfiguration;
			buildSettings = {
				INFOPLIST_FILE = HelloWorldUITests/Info.plist;
				LD_RUNPATH_SEARCH_PATHS = "$(inherited) @executable_path/Frameworks @loader_path/Frameworks";
				PRODUCT_BUNDLE_IDENTIFIER = gao.com.HelloWorldUITests;
				PRODUCT_NAME = "$(TARGET_NAME)";
				TEST_TARGET_NAME = HelloWorld;
			};
			name = Debug;
		};
		EBA52E3B1EB1EF6600DCBEE6 /* Release */ = {
			isa = XCBuildConfiguration;
			buildSettings = {
				INFOPLIST_FILE = HelloWorldUITests/Info.plist;
				LD_RUNPATH_SEARCH_PATHS = "$(inherited) @executable_path/Frameworks @loader_path/Frameworks";
				PRODUCT_BUNDLE_IDENTIFIER = gao.com.HelloWorldUITests;
				PRODUCT_NAME = "$(TARGET_NAME)";
				TEST_TARGET_NAME = HelloWorld;
			};
			name = Release;
		};
/* End XCBuildConfiguration section */

/* Begin XCConfigurationList section */
		EBA52E011EB1EF6600DCBEE6 /* Build configuration list for PBXProject "HelloWorld" */ = {
			isa = XCConfigurationList;
			buildConfigurations = (
				EBA52E311EB1EF6600DCBEE6 /* Debug */,
				EBA52E321EB1EF6600DCBEE6 /* Release */,
			);
			defaultConfigurationIsVisible = 0;
			defaultConfigurationName = Release;
		};
		EBA52E331EB1EF6600DCBEE6 /* Build configuration list for PBXNativeTarget "HelloWorld" */ = {
			isa = XCConfigurationList;
			buildConfigurations = (
				EBA52E341EB1EF6600DCBEE6 /* Debug */,
				EBA52E351EB1EF6600DCBEE6 /* Release */,
			);
			defaultConfigurationIsVisible = 0;
			defaultConfigurationName = Release;
		};
		EBA52E361EB1EF6600DCBEE6 /* Build configuration list for PBXNativeTarget "HelloWorldTests" */ = {
			isa = XCConfigurationList;
			buildConfigurations = (
				EBA52E371EB1EF6600DCBEE6 /* Debug */,
				EBA52E381EB1EF6600DCBEE6 /* Release */,
			);
			defaultConfigurationIsVisible = 0;
			defaultConfigurationName = Release;
		};
		EBA52E391EB1EF6600DCBEE6 /* Build configuration list for PBXNativeTarget "HelloWorldUITests" */ = {
			isa = XCConfigurationList;
			buildConfigurations = (
				EBA52E3A1EB1EF6600DCBEE6 /* Debug */,
				EBA52E3B1EB1EF6600DCBEE6 /* Release */,
			);
			defaultConfigurationIsVisible = 0;
			defaultConfigurationName = Release;
		};
/* End XCConfigurationList section */
	};
	rootObject = EBA52DFE1EB1EF6600DCBEE6 /* Project object */;
}
